// !$*UTF8*$!
{
	archiveVersion = 1;
	classes = {
	};
	objectVersion = 50;
	objects = {

/* Begin PBXBuildFile section */
		41B2BA0E33748074C9579CCD /* Pods_InstagramClone0421.framework in Frameworks */ = {isa = PBXBuildFile; fileRef = 0C00D2B533E1E1AA070C82B0 /* Pods_InstagramClone0421.framework */; };
		6E8474D5226C230500E4927E /* AppDelegate.swift in Sources */ = {isa = PBXBuildFile; fileRef = 6E8474D4226C230500E4927E /* AppDelegate.swift */; };
		6E8474DD226C230500E4927E /* InstagramClone0421.xcdatamodeld in Sources */ = {isa = PBXBuildFile; fileRef = 6E8474DB226C230500E4927E /* InstagramClone0421.xcdatamodeld */; };
		6E8474DF226C230700E4927E /* Assets.xcassets in Resources */ = {isa = PBXBuildFile; fileRef = 6E8474DE226C230700E4927E /* Assets.xcassets */; };
		6E8474E2226C230700E4927E /* LaunchScreen.storyboard in Resources */ = {isa = PBXBuildFile; fileRef = 6E8474E0226C230700E4927E /* LaunchScreen.storyboard */; };
		6E8474EA226C3D2D00E4927E /* Start.storyboard in Resources */ = {isa = PBXBuildFile; fileRef = 6E8474E9226C3D2D00E4927E /* Start.storyboard */; };
		6E8474EC226C3D5000E4927E /* SignInViewController.swift in Sources */ = {isa = PBXBuildFile; fileRef = 6E8474EB226C3D5000E4927E /* SignInViewController.swift */; };
		6E8474EE226C3D5900E4927E /* SignUpViewController.swift in Sources */ = {isa = PBXBuildFile; fileRef = 6E8474ED226C3D5900E4927E /* SignUpViewController.swift */; };
		6E8474F0226C3D6700E4927E /* HomeViewController.swift in Sources */ = {isa = PBXBuildFile; fileRef = 6E8474EF226C3D6700E4927E /* HomeViewController.swift */; };
		6E8474F2226C3D7900E4927E /* DiscoverViewController.swift in Sources */ = {isa = PBXBuildFile; fileRef = 6E8474F1226C3D7900E4927E /* DiscoverViewController.swift */; };
		6E8474F4226C3D8500E4927E /* CameraViewController.swift in Sources */ = {isa = PBXBuildFile; fileRef = 6E8474F3226C3D8500E4927E /* CameraViewController.swift */; };
		6E8474F6226C3D9000E4927E /* ActivityViewController.swift in Sources */ = {isa = PBXBuildFile; fileRef = 6E8474F5226C3D9000E4927E /* ActivityViewController.swift */; };
		6E8474F8226C3D9B00E4927E /* ProfileViewController.swift in Sources */ = {isa = PBXBuildFile; fileRef = 6E8474F7226C3D9B00E4927E /* ProfileViewController.swift */; };
		6E8474FB226C4B0400E4927E /* Main.storyboard in Resources */ = {isa = PBXBuildFile; fileRef = 6E8474FA226C4B0400E4927E /* Main.storyboard */; };
		6E8474FD226C4B4700E4927E /* Home.storyboard in Resources */ = {isa = PBXBuildFile; fileRef = 6E8474FC226C4B4700E4927E /* Home.storyboard */; };
		6E8474FF226C4B6C00E4927E /* Discover.storyboard in Resources */ = {isa = PBXBuildFile; fileRef = 6E8474FE226C4B6C00E4927E /* Discover.storyboard */; };
		6E847501226C4B9300E4927E /* Camera.storyboard in Resources */ = {isa = PBXBuildFile; fileRef = 6E847500226C4B9300E4927E /* Camera.storyboard */; };
		6E847503226C4BBA00E4927E /* Activity.storyboard in Resources */ = {isa = PBXBuildFile; fileRef = 6E847502226C4BBA00E4927E /* Activity.storyboard */; };
		6E847505226C4BD400E4927E /* Profile.storyboard in Resources */ = {isa = PBXBuildFile; fileRef = 6E847504226C4BD400E4927E /* Profile.storyboard */; };
		6E847508226C515000E4927E /* GoogleService-Info.plist in Resources */ = {isa = PBXBuildFile; fileRef = 6E847507226C515000E4927E /* GoogleService-Info.plist */; };
		6E84750C226EB1C100E4927E /* AuthService.swift in Sources */ = {isa = PBXBuildFile; fileRef = 6E84750B226EB1C100E4927E /* AuthService.swift */; };
/* End PBXBuildFile section */

/* Begin PBXFileReference section */
		0C00D2B533E1E1AA070C82B0 /* Pods_InstagramClone0421.framework */ = {isa = PBXFileReference; explicitFileType = wrapper.framework; includeInIndex = 0; path = Pods_InstagramClone0421.framework; sourceTree = BUILT_PRODUCTS_DIR; };
		2BA59D9E0862943201469F87 /* Pods-InstagramClone0421.debug.xcconfig */ = {isa = PBXFileReference; includeInIndex = 1; lastKnownFileType = text.xcconfig; name = "Pods-InstagramClone0421.debug.xcconfig"; path = "Pods/Target Support Files/Pods-InstagramClone0421/Pods-InstagramClone0421.debug.xcconfig"; sourceTree = "<group>"; };
		6E8474D1226C230500E4927E /* InstagramClone0421.app */ = {isa = PBXFileReference; explicitFileType = wrapper.application; includeInIndex = 0; path = InstagramClone0421.app; sourceTree = BUILT_PRODUCTS_DIR; };
		6E8474D4226C230500E4927E /* AppDelegate.swift */ = {isa = PBXFileReference; lastKnownFileType = sourcecode.swift; path = AppDelegate.swift; sourceTree = "<group>"; };
		6E8474DC226C230500E4927E /* InstagramClone0421.xcdatamodel */ = {isa = PBXFileReference; lastKnownFileType = wrapper.xcdatamodel; path = InstagramClone0421.xcdatamodel; sourceTree = "<group>"; };
		6E8474DE226C230700E4927E /* Assets.xcassets */ = {isa = PBXFileReference; lastKnownFileType = folder.assetcatalog; path = Assets.xcassets; sourceTree = "<group>"; };
		6E8474E1226C230700E4927E /* Base */ = {isa = PBXFileReference; lastKnownFileType = file.storyboard; name = Base; path = Base.lproj/LaunchScreen.storyboard; sourceTree = "<group>"; };
		6E8474E3226C230700E4927E /* Info.plist */ = {isa = PBXFileReference; lastKnownFileType = text.plist.xml; path = Info.plist; sourceTree = "<group>"; };
		6E8474E9226C3D2D00E4927E /* Start.storyboard */ = {isa = PBXFileReference; lastKnownFileType = file.storyboard; path = Start.storyboard; sourceTree = "<group>"; };
		6E8474EB226C3D5000E4927E /* SignInViewController.swift */ = {isa = PBXFileReference; lastKnownFileType = sourcecode.swift; path = SignInViewController.swift; sourceTree = "<group>"; };
		6E8474ED226C3D5900E4927E /* SignUpViewController.swift */ = {isa = PBXFileReference; lastKnownFileType = sourcecode.swift; path = SignUpViewController.swift; sourceTree = "<group>"; };
		6E8474EF226C3D6700E4927E /* HomeViewController.swift */ = {isa = PBXFileReference; lastKnownFileType = sourcecode.swift; path = HomeViewController.swift; sourceTree = "<group>"; };
		6E8474F1226C3D7900E4927E /* DiscoverViewController.swift */ = {isa = PBXFileReference; lastKnownFileType = sourcecode.swift; path = DiscoverViewController.swift; sourceTree = "<group>"; };
		6E8474F3226C3D8500E4927E /* CameraViewController.swift */ = {isa = PBXFileReference; lastKnownFileType = sourcecode.swift; path = CameraViewController.swift; sourceTree = "<group>"; };
		6E8474F5226C3D9000E4927E /* ActivityViewController.swift */ = {isa = PBXFileReference; lastKnownFileType = sourcecode.swift; path = ActivityViewController.swift; sourceTree = "<group>"; };
		6E8474F7226C3D9B00E4927E /* ProfileViewController.swift */ = {isa = PBXFileReference; lastKnownFileType = sourcecode.swift; path = ProfileViewController.swift; sourceTree = "<group>"; };
		6E8474FA226C4B0400E4927E /* Main.storyboard */ = {isa = PBXFileReference; fileEncoding = 4; lastKnownFileType = file.storyboard; path = Main.storyboard; sourceTree = "<group>"; };
		6E8474FC226C4B4700E4927E /* Home.storyboard */ = {isa = PBXFileReference; fileEncoding = 4; lastKnownFileType = file.storyboard; path = Home.storyboard; sourceTree = "<group>"; };
		6E8474FE226C4B6C00E4927E /* Discover.storyboard */ = {isa = PBXFileReference; fileEncoding = 4; lastKnownFileType = file.storyboard; path = Discover.storyboard; sourceTree = "<group>"; };
		6E847500226C4B9300E4927E /* Camera.storyboard */ = {isa = PBXFileReference; fileEncoding = 4; lastKnownFileType = file.storyboard; path = Camera.storyboard; sourceTree = "<group>"; };
		6E847502226C4BBA00E4927E /* Activity.storyboard */ = {isa = PBXFileReference; fileEncoding = 4; lastKnownFileType = file.storyboard; path = Activity.storyboard; sourceTree = "<group>"; };
		6E847504226C4BD400E4927E /* Profile.storyboard */ = {isa = PBXFileReference; fileEncoding = 4; lastKnownFileType = file.storyboard; path = Profile.storyboard; sourceTree = "<group>"; };
		6E847507226C515000E4927E /* GoogleService-Info.plist */ = {isa = PBXFileReference; fileEncoding = 4; lastKnownFileType = text.plist.xml; path = "GoogleService-Info.plist"; sourceTree = "<group>"; };
		6E84750B226EB1C100E4927E /* AuthService.swift */ = {isa = PBXFileReference; lastKnownFileType = sourcecode.swift; path = AuthService.swift; sourceTree = "<group>"; };
		CB7AB0832BFE3EEA4B09D289 /* Pods-InstagramClone0421.release.xcconfig */ = {isa = PBXFileReference; includeInIndex = 1; lastKnownFileType = text.xcconfig; name = "Pods-InstagramClone0421.release.xcconfig"; path = "Pods/Target Support Files/Pods-InstagramClone0421/Pods-InstagramClone0421.release.xcconfig"; sourceTree = "<group>"; };
/* End PBXFileReference section */

/* Begin PBXFrameworksBuildPhase section */
		6E8474CE226C230500E4927E /* Frameworks */ = {
			isa = PBXFrameworksBuildPhase;
			buildActionMask = 2147483647;
			files = (
				41B2BA0E33748074C9579CCD /* Pods_InstagramClone0421.framework in Frameworks */,
			);
			runOnlyForDeploymentPostprocessing = 0;
		};
/* End PBXFrameworksBuildPhase section */

/* Begin PBXGroup section */
		1F0DC9D7E9E808C16D55A2BD /* Frameworks */ = {
			isa = PBXGroup;
			children = (
				0C00D2B533E1E1AA070C82B0 /* Pods_InstagramClone0421.framework */,
			);
			name = Frameworks;
			sourceTree = "<group>";
		};
		6E8474C8226C230500E4927E = {
			isa = PBXGroup;
			children = (
				6E8474D3226C230500E4927E /* InstagramClone0421 */,
				6E8474D2226C230500E4927E /* Products */,
				916EE469315E22ABF2B7BF74 /* Pods */,
				1F0DC9D7E9E808C16D55A2BD /* Frameworks */,
			);
			sourceTree = "<group>";
		};
		6E8474D2226C230500E4927E /* Products */ = {
			isa = PBXGroup;
			children = (
				6E8474D1226C230500E4927E /* InstagramClone0421.app */,
			);
			name = Products;
			sourceTree = "<group>";
		};
		6E8474D3226C230500E4927E /* InstagramClone0421 */ = {
			isa = PBXGroup;
			children = (
				6E8474D4226C230500E4927E /* AppDelegate.swift */,
				6E84750B226EB1C100E4927E /* AuthService.swift */,
				6E8474F9226C4A6000E4927E /* ViewControllers */,
				6E847506226C507000E4927E /* Storyboards */,
				6E8474DE226C230700E4927E /* Assets.xcassets */,
				6E8474E0226C230700E4927E /* LaunchScreen.storyboard */,
				6E8474E3226C230700E4927E /* Info.plist */,
				6E847507226C515000E4927E /* GoogleService-Info.plist */,
				6E8474DB226C230500E4927E /* InstagramClone0421.xcdatamodeld */,
			);
			path = InstagramClone0421;
			sourceTree = "<group>";
		};
		6E8474F9226C4A6000E4927E /* ViewControllers */ = {
			isa = PBXGroup;
			children = (
				6E8474EB226C3D5000E4927E /* SignInViewController.swift */,
				6E8474ED226C3D5900E4927E /* SignUpViewController.swift */,
				6E8474EF226C3D6700E4927E /* HomeViewController.swift */,
				6E8474F1226C3D7900E4927E /* DiscoverViewController.swift */,
				6E8474F3226C3D8500E4927E /* CameraViewController.swift */,
				6E8474F5226C3D9000E4927E /* ActivityViewController.swift */,
				6E8474F7226C3D9B00E4927E /* ProfileViewController.swift */,
			);
			path = ViewControllers;
			sourceTree = "<group>";
		};
		6E847506226C507000E4927E /* Storyboards */ = {
			isa = PBXGroup;
			children = (
				6E8474E9226C3D2D00E4927E /* Start.storyboard */,
				6E8474FA226C4B0400E4927E /* Main.storyboard */,
				6E8474FC226C4B4700E4927E /* Home.storyboard */,
				6E8474FE226C4B6C00E4927E /* Discover.storyboard */,
				6E847500226C4B9300E4927E /* Camera.storyboard */,
				6E847502226C4BBA00E4927E /* Activity.storyboard */,
				6E847504226C4BD400E4927E /* Profile.storyboard */,
			);
			path = Storyboards;
			sourceTree = "<group>";
		};
		916EE469315E22ABF2B7BF74 /* Pods */ = {
			isa = PBXGroup;
			children = (
				2BA59D9E0862943201469F87 /* Pods-InstagramClone0421.debug.xcconfig */,
				CB7AB0832BFE3EEA4B09D289 /* Pods-InstagramClone0421.release.xcconfig */,
			);
			name = Pods;
			sourceTree = "<group>";
		};
/* End PBXGroup section */

/* Begin PBXNativeTarget section */
		6E8474D0226C230500E4927E /* InstagramClone0421 */ = {
			isa = PBXNativeTarget;
			buildConfigurationList = 6E8474E6226C230700E4927E /* Build configuration list for PBXNativeTarget "InstagramClone0421" */;
			buildPhases = (
				6873448A7ABD325568ABA684 /* [CP] Check Pods Manifest.lock */,
				6E8474CD226C230500E4927E /* Sources */,
				6E8474CE226C230500E4927E /* Frameworks */,
				6E8474CF226C230500E4927E /* Resources */,
				74D7C6A3FDFD6C0CD99F6AFC /* [CP] Embed Pods Frameworks */,
			);
			buildRules = (
			);
			dependencies = (
			);
			name = InstagramClone0421;
			productName = InstagramClone0421;
			productReference = 6E8474D1226C230500E4927E /* InstagramClone0421.app */;
			productType = "com.apple.product-type.application";
		};
/* End PBXNativeTarget section */

/* Begin PBXProject section */
		6E8474C9226C230500E4927E /* Project object */ = {
			isa = PBXProject;
			attributes = {
				LastSwiftUpdateCheck = 1000;
				LastUpgradeCheck = 1000;
				ORGANIZATIONNAME = mt;
				TargetAttributes = {
					6E8474D0226C230500E4927E = {
						CreatedOnToolsVersion = 10.0;
					};
				};
			};
			buildConfigurationList = 6E8474CC226C230500E4927E /* Build configuration list for PBXProject "InstagramClone0421" */;
			compatibilityVersion = "Xcode 9.3";
			developmentRegion = en;
			hasScannedForEncodings = 0;
			knownRegions = (
				en,
				Base,
			);
			mainGroup = 6E8474C8226C230500E4927E;
			productRefGroup = 6E8474D2226C230500E4927E /* Products */;
			projectDirPath = "";
			projectRoot = "";
			targets = (
				6E8474D0226C230500E4927E /* InstagramClone0421 */,
			);
		};
/* End PBXProject section */

/* Begin PBXResourcesBuildPhase section */
		6E8474CF226C230500E4927E /* Resources */ = {
			isa = PBXResourcesBuildPhase;
			buildActionMask = 2147483647;
			files = (
				6E8474E2226C230700E4927E /* LaunchScreen.storyboard in Resources */,
				6E847501226C4B9300E4927E /* Camera.storyboard in Resources */,
				6E8474FD226C4B4700E4927E /* Home.storyboard in Resources */,
				6E8474EA226C3D2D00E4927E /* Start.storyboard in Resources */,
				6E8474DF226C230700E4927E /* Assets.xcassets in Resources */,
				6E8474FB226C4B0400E4927E /* Main.storyboard in Resources */,
				6E847505226C4BD400E4927E /* Profile.storyboard in Resources */,
				6E847508226C515000E4927E /* GoogleService-Info.plist in Resources */,
				6E8474FF226C4B6C00E4927E /* Discover.storyboard in Resources */,
				6E847503226C4BBA00E4927E /* Activity.storyboard in Resources */,
			);
			runOnlyForDeploymentPostprocessing = 0;
		};
/* End PBXResourcesBuildPhase section */

/* Begin PBXShellScriptBuildPhase section */
		6873448A7ABD325568ABA684 /* [CP] Check Pods Manifest.lock */ = {
			isa = PBXShellScriptBuildPhase;
			buildActionMask = 2147483647;
			files = (
			);
			inputFileListPaths = (
			);
			inputPaths = (
				"${PODS_PODFILE_DIR_PATH}/Podfile.lock",
				"${PODS_ROOT}/Manifest.lock",
			);
			name = "[CP] Check Pods Manifest.lock";
			outputFileListPaths = (
			);
			outputPaths = (
				"$(DERIVED_FILE_DIR)/Pods-InstagramClone0421-checkManifestLockResult.txt",
			);
			runOnlyForDeploymentPostprocessing = 0;
			shellPath = /bin/sh;
			shellScript = "diff \"${PODS_PODFILE_DIR_PATH}/Podfile.lock\" \"${PODS_ROOT}/Manifest.lock\" > /dev/null\nif [ $? != 0 ] ; then\n    # print error to STDERR\n    echo \"error: The sandbox is not in sync with the Podfile.lock. Run 'pod install' or update your CocoaPods installation.\" >&2\n    exit 1\nfi\n# This output is used by Xcode 'outputs' to avoid re-running this script phase.\necho \"SUCCESS\" > \"${SCRIPT_OUTPUT_FILE_0}\"\n";
			showEnvVarsInLog = 0;
		};
		74D7C6A3FDFD6C0CD99F6AFC /* [CP] Embed Pods Frameworks */ = {
			isa = PBXShellScriptBuildPhase;
			buildActionMask = 2147483647;
			files = (
			);
			inputFileListPaths = (
			);
			inputPaths = (
				"${SRCROOT}/Pods/Target Support Files/Pods-InstagramClone0421/Pods-InstagramClone0421-frameworks.sh",
				"${BUILT_PRODUCTS_DIR}/GTMSessionFetcher/GTMSessionFetcher.framework",
				"${BUILT_PRODUCTS_DIR}/GoogleUtilities/GoogleUtilities.framework",
				"${BUILT_PRODUCTS_DIR}/leveldb-library/leveldb.framework",
				"${BUILT_PRODUCTS_DIR}/nanopb/nanopb.framework",
			);
			name = "[CP] Embed Pods Frameworks";
			outputFileListPaths = (
			);
			outputPaths = (
				"${TARGET_BUILD_DIR}/${FRAMEWORKS_FOLDER_PATH}/GTMSessionFetcher.framework",
				"${TARGET_BUILD_DIR}/${FRAMEWORKS_FOLDER_PATH}/GoogleUtilities.framework",
				"${TARGET_BUILD_DIR}/${FRAMEWORKS_FOLDER_PATH}/leveldb.framework",
				"${TARGET_BUILD_DIR}/${FRAMEWORKS_FOLDER_PATH}/nanopb.framework",
			);
			runOnlyForDeploymentPostprocessing = 0;
			shellPath = /bin/sh;
			shellScript = "\"${SRCROOT}/Pods/Target Support Files/Pods-InstagramClone0421/Pods-InstagramClone0421-frameworks.sh\"\n";
			showEnvVarsInLog = 0;
		};
/* End PBXShellScriptBuildPhase section */

/* Begin PBXSourcesBuildPhase section */
		6E8474CD226C230500E4927E /* Sources */ = {
			isa = PBXSourcesBuildPhase;
			buildActionMask = 2147483647;
			files = (
				6E8474EC226C3D5000E4927E /* SignInViewController.swift in Sources */,
				6E8474DD226C230500E4927E /* InstagramClone0421.xcdatamodeld in Sources */,
				6E8474F8226C3D9B00E4927E /* ProfileViewController.swift in Sources */,
				6E8474F2226C3D7900E4927E /* DiscoverViewController.swift in Sources */,
				6E8474F6226C3D9000E4927E /* ActivityViewController.swift in Sources */,
				6E8474D5226C230500E4927E /* AppDelegate.swift in Sources */,
				6E8474F4226C3D8500E4927E /* CameraViewController.swift in Sources */,
				6E84750C226EB1C100E4927E /* AuthService.swift in Sources */,
				6E8474EE226C3D5900E4927E /* SignUpViewController.swift in Sources */,
				6E8474F0226C3D6700E4927E /* HomeViewController.swift in Sources */,
			);
			runOnlyForDeploymentPostprocessing = 0;
		};
/* End PBXSourcesBuildPhase section */

/* Begin PBXVariantGroup section */
		6E8474E0226C230700E4927E /* LaunchScreen.storyboard */ = {
			isa = PBXVariantGroup;
			children = (
				6E8474E1226C230700E4927E /* Base */,
			);
			name = LaunchScreen.storyboard;
			sourceTree = "<group>";
		};
/* End PBXVariantGroup section */

/* Begin XCBuildConfiguration section */
		6E8474E4226C230700E4927E /* Debug */ = {
			isa = XCBuildConfiguration;
			buildSettings = {
				ALWAYS_SEARCH_USER_PATHS = NO;
				CLANG_ANALYZER_NONNULL = YES;
				CLANG_ANALYZER_NUMBER_OBJECT_CONVERSION = YES_AGGRESSIVE;
				CLANG_CXX_LANGUAGE_STANDARD = "gnu++14";
				CLANG_CXX_LIBRARY = "libc++";
				CLANG_ENABLE_MODULES = YES;
				CLANG_ENABLE_OBJC_ARC = YES;
				CLANG_ENABLE_OBJC_WEAK = YES;
				CLANG_WARN_BLOCK_CAPTURE_AUTORELEASING = YES;
				CLANG_WARN_BOOL_CONVERSION = YES;
				CLANG_WARN_COMMA = YES;
				CLANG_WARN_CONSTANT_CONVERSION = YES;
				CLANG_WARN_DEPRECATED_OBJC_IMPLEMENTATIONS = YES;
				CLANG_WARN_DIRECT_OBJC_ISA_USAGE = YES_ERROR;
				CLANG_WARN_DOCUMENTATION_COMMENTS = YES;
				CLANG_WARN_EMPTY_BODY = YES;
				CLANG_WARN_ENUM_CONVERSION = YES;
				CLANG_WARN_INFINITE_RECURSION = YES;
				CLANG_WARN_INT_CONVERSION = YES;
				CLANG_WARN_NON_LITERAL_NULL_CONVERSION = YES;
				CLANG_WARN_OBJC_IMPLICIT_RETAIN_SELF = YES;
				CLANG_WARN_OBJC_LITERAL_CONVERSION = YES;
				CLANG_WARN_OBJC_ROOT_CLASS = YES_ERROR;
				CLANG_WARN_RANGE_LOOP_ANALYSIS = YES;
				CLANG_WARN_STRICT_PROTOTYPES = YES;
				CLANG_WARN_SUSPICIOUS_MOVE = YES;
				CLANG_WARN_UNGUARDED_AVAILABILITY = YES_AGGRESSIVE;
				CLANG_WARN_UNREACHABLE_CODE = YES;
				CLANG_WARN__DUPLICATE_METHOD_MATCH = YES;
				CODE_SIGN_IDENTITY = "iPhone Developer";
				COPY_PHASE_STRIP = NO;
				DEBUG_INFORMATION_FORMAT = dwarf;
				ENABLE_STRICT_OBJC_MSGSEND = YES;
				ENABLE_TESTABILITY = YES;
				GCC_C_LANGUAGE_STANDARD = gnu11;
				GCC_DYNAMIC_NO_PIC = NO;
				GCC_NO_COMMON_BLOCKS = YES;
				GCC_OPTIMIZATION_LEVEL = 0;
				GCC_PREPROCESSOR_DEFINITIONS = (
					"DEBUG=1",
					"$(inherited)",
				);
				GCC_WARN_64_TO_32_BIT_CONVERSION = YES;
				GCC_WARN_ABOUT_RETURN_TYPE = YES_ERROR;
				GCC_WARN_UNDECLARED_SELECTOR = YES;
				GCC_WARN_UNINITIALIZED_AUTOS = YES_AGGRESSIVE;
				GCC_WARN_UNUSED_FUNCTION = YES;
				GCC_WARN_UNUSED_VARIABLE = YES;
				IPHONEOS_DEPLOYMENT_TARGET = 12.0;
				MTL_ENABLE_DEBUG_INFO = INCLUDE_SOURCE;
				MTL_FAST_MATH = YES;
				ONLY_ACTIVE_ARCH = YES;
				SDKROOT = iphoneos;
				SWIFT_ACTIVE_COMPILATION_CONDITIONS = DEBUG;
				SWIFT_OPTIMIZATION_LEVEL = "-Onone";
			};
			name = Debug;
		};
		6E8474E5226C230700E4927E /* Release */ = {
			isa = XCBuildConfiguration;
			buildSettings = {
				ALWAYS_SEARCH_USER_PATHS = NO;
				CLANG_ANALYZER_NONNULL = YES;
				CLANG_ANALYZER_NUMBER_OBJECT_CONVERSION = YES_AGGRESSIVE;
				CLANG_CXX_LANGUAGE_STANDARD = "gnu++14";
				CLANG_CXX_LIBRARY = "libc++";
				CLANG_ENABLE_MODULES = YES;
				CLANG_ENABLE_OBJC_ARC = YES;
				CLANG_ENABLE_OBJC_WEAK = YES;
				CLANG_WARN_BLOCK_CAPTURE_AUTORELEASING = YES;
				CLANG_WARN_BOOL_CONVERSION = YES;
				CLANG_WARN_COMMA = YES;
				CLANG_WARN_CONSTANT_CONVERSION = YES;
				CLANG_WARN_DEPRECATED_OBJC_IMPLEMENTATIONS = YES;
				CLANG_WARN_DIRECT_OBJC_ISA_USAGE = YES_ERROR;
				CLANG_WARN_DOCUMENTATION_COMMENTS = YES;
				CLANG_WARN_EMPTY_BODY = YES;
				CLANG_WARN_ENUM_CONVERSION = YES;
				CLANG_WARN_INFINITE_RECURSION = YES;
				CLANG_WARN_INT_CONVERSION = YES;
				CLANG_WARN_NON_LITERAL_NULL_CONVERSION = YES;
				CLANG_WARN_OBJC_IMPLICIT_RETAIN_SELF = YES;
				CLANG_WARN_OBJC_LITERAL_CONVERSION = YES;
				CLANG_WARN_OBJC_ROOT_CLASS = YES_ERROR;
				CLANG_WARN_RANGE_LOOP_ANALYSIS = YES;
				CLANG_WARN_STRICT_PROTOTYPES = YES;
				CLANG_WARN_SUSPICIOUS_MOVE = YES;
				CLANG_WARN_UNGUARDED_AVAILABILITY = YES_AGGRESSIVE;
				CLANG_WARN_UNREACHABLE_CODE = YES;
				CLANG_WARN__DUPLICATE_METHOD_MATCH = YES;
				CODE_SIGN_IDENTITY = "iPhone Developer";
				COPY_PHASE_STRIP = NO;
				DEBUG_INFORMATION_FORMAT = "dwarf-with-dsym";
				ENABLE_NS_ASSERTIONS = NO;
				ENABLE_STRICT_OBJC_MSGSEND = YES;
				GCC_C_LANGUAGE_STANDARD = gnu11;
				GCC_NO_COMMON_BLOCKS = YES;
				GCC_WARN_64_TO_32_BIT_CONVERSION = YES;
				GCC_WARN_ABOUT_RETURN_TYPE = YES_ERROR;
				GCC_WARN_UNDECLARED_SELECTOR = YES;
				GCC_WARN_UNINITIALIZED_AUTOS = YES_AGGRESSIVE;
				GCC_WARN_UNUSED_FUNCTION = YES;
				GCC_WARN_UNUSED_VARIABLE = YES;
				IPHONEOS_DEPLOYMENT_TARGET = 12.0;
				MTL_ENABLE_DEBUG_INFO = NO;
				MTL_FAST_MATH = YES;
				SDKROOT = iphoneos;
				SWIFT_COMPILATION_MODE = wholemodule;
				SWIFT_OPTIMIZATION_LEVEL = "-O";
				VALIDATE_PRODUCT = YES;
			};
			name = Release;
		};
		6E8474E7226C230700E4927E /* Debug */ = {
			isa = XCBuildConfiguration;
			baseConfigurationReference = 2BA59D9E0862943201469F87 /* Pods-InstagramClone0421.debug.xcconfig */;
			buildSettings = {
				ASSETCATALOG_COMPILER_APPICON_NAME = AppIcon;
				CODE_SIGN_STYLE = Automatic;
				DEVELOPMENT_TEAM = H2A5RRQN97;
				INFOPLIST_FILE = InstagramClone0421/Info.plist;
				LD_RUNPATH_SEARCH_PATHS = (
					"$(inherited)",
					"@executable_path/Frameworks",
				);
				PRODUCT_BUNDLE_IDENTIFIER = com.companyName.InstagramClone0421;
				PRODUCT_NAME = "$(TARGET_NAME)";
				SWIFT_VERSION = 3.0;
				TARGETED_DEVICE_FAMILY = "1,2";
			};
			name = Debug;
		};
		6E8474E8226C230700E4927E /* Release */ = {
			isa = XCBuildConfiguration;
			baseConfigurationReference = CB7AB0832BFE3EEA4B09D289 /* Pods-InstagramClone0421.release.xcconfig */;
			buildSettings = {
				ASSETCATALOG_COMPILER_APPICON_NAME = AppIcon;
				CODE_SIGN_STYLE = Automatic;
				DEVELOPMENT_TEAM = H2A5RRQN97;
				INFOPLIST_FILE = InstagramClone0421/Info.plist;
				LD_RUNPATH_SEARCH_PATHS = (
					"$(inherited)",
					"@executable_path/Frameworks",
				);
				PRODUCT_BUNDLE_IDENTIFIER = com.companyName.InstagramClone0421;
				PRODUCT_NAME = "$(TARGET_NAME)";
				SWIFT_VERSION = 3.0;
				TARGETED_DEVICE_FAMILY = "1,2";
			};
			name = Release;
		};
/* End XCBuildConfiguration section */

/* Begin XCConfigurationList section */
		6E8474CC226C230500E4927E /* Build configuration list for PBXProject "InstagramClone0421" */ = {
			isa = XCConfigurationList;
			buildConfigurations = (
				6E8474E4226C230700E4927E /* Debug */,
				6E8474E5226C230700E4927E /* Release */,
			);
			defaultConfigurationIsVisible = 0;
			defaultConfigurationName = Release;
		};
		6E8474E6226C230700E4927E /* Build configuration list for PBXNativeTarget "InstagramClone0421" */ = {
			isa = XCConfigurationList;
			buildConfigurations = (
				6E8474E7226C230700E4927E /* Debug */,
				6E8474E8226C230700E4927E /* Release */,
			);
			defaultConfigurationIsVisible = 0;
			defaultConfigurationName = Release;
		};
/* End XCConfigurationList section */

/* Begin XCVersionGroup section */
		6E8474DB226C230500E4927E /* InstagramClone0421.xcdatamodeld */ = {
			isa = XCVersionGroup;
			children = (
				6E8474DC226C230500E4927E /* InstagramClone0421.xcdatamodel */,
			);
			currentVersion = 6E8474DC226C230500E4927E /* InstagramClone0421.xcdatamodel */;
			path = InstagramClone0421.xcdatamodeld;
			sourceTree = "<group>";
			versionGroupType = wrapper.xcdatamodel;
		};
/* End XCVersionGroup section */
	};
	rootObject = 6E8474C9226C230500E4927E /* Project object */;
}
